
Microsoft Visual Studio Solution File, Format Version 12.00
# Visual Studio Version 16
VisualStudioVersion = 16.0.30803.129
MinimumVisualStudioVersion = 10.0.40219.1
Project("{9A19103F-16F7-4668-BE54-9A1E7A4F7556}") = "VoteCounter", "VoteCounter\VoteCounter.csproj", "{B1A7D63E-FE38-4F0F-9CEB-BADBCF7008ED}"
EndProject
Global
	GlobalSection(SolutionConfigurationPlatforms) = preSolution
		Debug|Any CPU = Debug|Any CPU
		Release|Any CPU = Release|Any CPU
	EndGlobalSection
	GlobalSection(ProjectConfigurationPlatforms) = postSolution
		{B1A7D63E-FE38-4F0F-9CEB-BADBCF7008ED}.Debug|Any CPU.ActiveCfg = Debug|Any CPU
		{B1A7D63E-FE38-4F0F-9CEB-BADBCF7008ED}.Debug|Any CPU.Build.0 = Debug|Any CPU
		{B1A7D63E-FE38-4F0F-9CEB-BADBCF7008ED}.Release|Any CPU.ActiveCfg = Release|Any CPU
		{B1A7D63E-FE38-4F0F-9CEB-BADBCF7008ED}.Release|Any CPU.Build.0 = Release|Any CPU
	EndGlobalSection
	GlobalSection(SolutionProperties) = preSolution
		HideSolutionNode = FALSE
	EndGlobalSection
	GlobalSection(ExtensibilityGlobals) = postSolution
		SolutionGuid = {ACA90692-94E8-448D-BC94-63FF5BDBFC06}
	EndGlobalSection
EndGlobal
